
Microsoft Visual Studio Solution File, Format Version 12.00
# Visual Studio Version 16
VisualStudioVersion = 16.0.31229.75
MinimumVisualStudioVersion = 10.0.40219.1
Project("{9A19103F-16F7-4668-BE54-9A1E7A4F7556}") = "TestIdentityServer", "TestIdentityServer\TestIdentityServer.csproj", "{F2E7E282-B0AD-4B8D-8F7A-22C43A02A817}"
EndProject
Project("{E53339B2-1760-4266-BCC7-CA923CBCF16C}") = "docker-compose", "docker-compose.dcproj", "{3344C6FE-3CE8-4D3E-BD6D-B53221A2EBB3}"
EndProject
Global
	GlobalSection(SolutionConfigurationPlatforms) = preSolution
		Debug|Any CPU = Debug|Any CPU
		Release|Any CPU = Release|Any CPU
	EndGlobalSection
	GlobalSection(ProjectConfigurationPlatforms) = postSolution
		{F2E7E282-B0AD-4B8D-8F7A-22C43A02A817}.Debug|Any CPU.ActiveCfg = Debug|Any CPU
		{F2E7E282-B0AD-4B8D-8F7A-22C43A02A817}.Debug|Any CPU.Build.0 = Debug|Any CPU
		{F2E7E282-B0AD-4B8D-8F7A-22C43A02A817}.Release|Any CPU.ActiveCfg = Release|Any CPU
		{F2E7E282-B0AD-4B8D-8F7A-22C43A02A817}.Release|Any CPU.Build.0 = Release|Any CPU
		{3344C6FE-3CE8-4D3E-BD6D-B53221A2EBB3}.Debug|Any CPU.ActiveCfg = Debug|Any CPU
		{3344C6FE-3CE8-4D3E-BD6D-B53221A2EBB3}.Debug|Any CPU.Build.0 = Debug|Any CPU
		{3344C6FE-3CE8-4D3E-BD6D-B53221A2EBB3}.Release|Any CPU.ActiveCfg = Release|Any CPU
		{3344C6FE-3CE8-4D3E-BD6D-B53221A2EBB3}.Release|Any CPU.Build.0 = Release|Any CPU
	EndGlobalSection
	GlobalSection(SolutionProperties) = preSolution
		HideSolutionNode = FALSE
	EndGlobalSection
	GlobalSection(ExtensibilityGlobals) = postSolution
		SolutionGuid = {84A7A675-7AA2-43CB-8561-B92207E6B322}
	EndGlobalSection
EndGlobal
